{
  "name": "yololoop",
  "version": "0.0.3",
  "lockfileVersion": 3,
  "requires": true,
  "packages": {
    "": {
      "name": "yololoop",
      "version": "0.0.3",
      "license": "Apache-2.0",
      "bin": {
        "yololoop": "bin/yololoop.js"
      },
      "engines": {
        "node": ">=22"
      }
    }
  }
}
